
Microsoft Visual Studio Solution File, Format Version 12.00
# Visual Studio Version 16
VisualStudioVersion = 16.0.31025.194
MinimumVisualStudioVersion = 10.0.40219.1
Project("{9A19103F-16F7-4668-BE54-9A1E7A4F7556}") = "Example2", "Example2.csproj", "{34E711CB-2A95-4817-A5C2-0C87934BBE56}"
EndProject
Project("{2150E333-8FDC-42A3-9474-1A3956D46DE8}") = "Solution Items", "Solution Items", "{6D0264C7-77E1-4545-99D8-29F3EFB6BB4E}"
	ProjectSection(SolutionItems) = preProject
		.editorconfig = .editorconfig
	EndProjectSection
EndProject
Global
	GlobalSection(SolutionConfigurationPlatforms) = preSolution
		Debug|Any CPU = Debug|Any CPU
		Release|Any CPU = Release|Any CPU
	EndGlobalSection
	GlobalSection(ProjectConfigurationPlatforms) = postSolution
		{34E711CB-2A95-4817-A5C2-0C87934BBE56}.Debug|Any CPU.ActiveCfg = Debug|Any CPU
		{34E711CB-2A95-4817-A5C2-0C87934BBE56}.Debug|Any CPU.Build.0 = Debug|Any CPU
		{34E711CB-2A95-4817-A5C2-0C87934BBE56}.Release|Any CPU.ActiveCfg = Release|Any CPU
		{34E711CB-2A95-4817-A5C2-0C87934BBE56}.Release|Any CPU.Build.0 = Release|Any CPU
	EndGlobalSection
	GlobalSection(SolutionProperties) = preSolution
		HideSolutionNode = FALSE
	EndGlobalSection
	GlobalSection(ExtensibilityGlobals) = postSolution
		SolutionGuid = {2AA0BFCF-E0F4-40B9-B73B-DDA78A10FECA}
	EndGlobalSection
EndGlobal
